
Microsoft Visual Studio Solution File, Format Version 12.00
# Visual Studio Version 17
VisualStudioVersion = 17.14.36603.0
MinimumVisualStudioVersion = 10.0.40219.1
Project("{FAE04EC0-301F-11D3-BF4B-00C04F79EFBC}") = "CST324_MyGuitarShop.Api", "CST324_MyGuitarShop.Api\CST324_MyGuitarShop.Api.csproj", "{BCEEB450-AA03-4F65-B9BE-D23E77528483}"
EndProject
Project("{FAE04EC0-301F-11D3-BF4B-00C04F79EFBC}") = "MyGuitarShop.Common", "MyGuitarShop.Common\MyGuitarShop.Common.csproj", "{6062CB40-9915-4DEA-8268-D2711B319057}"
EndProject
Project("{FAE04EC0-301F-11D3-BF4B-00C04F79EFBC}") = "MyGuitarShop.Data.Ado", "MyGuitarShop.Data.Ado\MyGuitarShop.Data.Ado.csproj", "{411BB1A3-7F87-402C-A01D-5C8428A52194}"
EndProject
Project("{FAE04EC0-301F-11D3-BF4B-00C04F79EFBC}") = "MyGuitarShop.Data.EFCore", "MyGuitarShop.Data.EFCore\MyGuitarShop.Data.EFCore.csproj", "{8DBE3EEC-49F0-45C7-84FF-3A3F82BD9B42}"
EndProject
Project("{FAE04EC0-301F-11D3-BF4B-00C04F79EFBC}") = "MyGuitarShop.Data.MongoDb", "MyGuitarShop.Data.MongoDb\MyGuitarShop.Data.MongoDb.csproj", "{93DB2F51-7BBE-487E-AECC-8D7348C1D26F}"
EndProject
Global
	GlobalSection(SolutionConfigurationPlatforms) = preSolution
		Debug|Any CPU = Debug|Any CPU
		Release|Any CPU = Release|Any CPU
	EndGlobalSection
	GlobalSection(ProjectConfigurationPlatforms) = postSolution
		{BCEEB450-AA03-4F65-B9BE-D23E77528483}.Debug|Any CPU.ActiveCfg = Debug|Any CPU
		{BCEEB450-AA03-4F65-B9BE-D23E77528483}.Debug|Any CPU.Build.0 = Debug|Any CPU
		{BCEEB450-AA03-4F65-B9BE-D23E77528483}.Release|Any CPU.ActiveCfg = Release|Any CPU
		{BCEEB450-AA03-4F65-B9BE-D23E77528483}.Release|Any CPU.Build.0 = Release|Any CPU
		{6062CB40-9915-4DEA-8268-D2711B319057}.Debug|Any CPU.ActiveCfg = Debug|Any CPU
		{6062CB40-9915-4DEA-8268-D2711B319057}.Debug|Any CPU.Build.0 = Debug|Any CPU
		{6062CB40-9915-4DEA-8268-D2711B319057}.Release|Any CPU.ActiveCfg = Release|Any CPU
		{6062CB40-9915-4DEA-8268-D2711B319057}.Release|Any CPU.Build.0 = Release|Any CPU
		{411BB1A3-7F87-402C-A01D-5C8428A52194}.Debug|Any CPU.ActiveCfg = Debug|Any CPU
		{411BB1A3-7F87-402C-A01D-5C8428A52194}.Debug|Any CPU.Build.0 = Debug|Any CPU
		{411BB1A3-7F87-402C-A01D-5C8428A52194}.Release|Any CPU.ActiveCfg = Release|Any CPU
		{411BB1A3-7F87-402C-A01D-5C8428A52194}.Release|Any CPU.Build.0 = Release|Any CPU
		{8DBE3EEC-49F0-45C7-84FF-3A3F82BD9B42}.Debug|Any CPU.ActiveCfg = Debug|Any CPU
		{8DBE3EEC-49F0-45C7-84FF-3A3F82BD9B42}.Debug|Any CPU.Build.0 = Debug|Any CPU
		{8DBE3EEC-49F0-45C7-84FF-3A3F82BD9B42}.Release|Any CPU.ActiveCfg = Release|Any CPU
		{8DBE3EEC-49F0-45C7-84FF-3A3F82BD9B42}.Release|Any CPU.Build.0 = Release|Any CPU
		{93DB2F51-7BBE-487E-AECC-8D7348C1D26F}.Debug|Any CPU.ActiveCfg = Debug|Any CPU
		{93DB2F51-7BBE-487E-AECC-8D7348C1D26F}.Debug|Any CPU.Build.0 = Debug|Any CPU
		{93DB2F51-7BBE-487E-AECC-8D7348C1D26F}.Release|Any CPU.ActiveCfg = Release|Any CPU
		{93DB2F51-7BBE-487E-AECC-8D7348C1D26F}.Release|Any CPU.Build.0 = Release|Any CPU
	EndGlobalSection
	GlobalSection(SolutionProperties) = preSolution
		HideSolutionNode = FALSE
	EndGlobalSection
	GlobalSection(ExtensibilityGlobals) = postSolution
		SolutionGuid = {70C53625-C9B5-4B6F-8825-FC40BDA14FAC}
	EndGlobalSection
EndGlobal
